
Microsoft Visual Studio Solution File, Format Version 12.00
# Visual Studio 15
VisualStudioVersion = 15.0.28307.1267
MinimumVisualStudioVersion = 10.0.40219.1
Project("{FAE04EC0-301F-11D3-BF4B-00C04F79EFBC}") = "QL_TOURDL_2", "QL_TOURDL_2\QL_TOURDL_2.csproj", "{57DC0295-0880-4FE4-9154-7CF5D55DDAD5}"
EndProject
Project("{FAE04EC0-301F-11D3-BF4B-00C04F79EFBC}") = "DAO", "DAO\DAO.csproj", "{61A9E520-1A89-4989-B3C0-6D340D8BAA20}"
EndProject
Project("{FAE04EC0-301F-11D3-BF4B-00C04F79EFBC}") = "DTO", "DTO\DTO.csproj", "{F824420B-6CBD-4B87-BE83-4B419B3D4696}"
EndProject
Global
	GlobalSection(SolutionConfigurationPlatforms) = preSolution
		Debug|Any CPU = Debug|Any CPU
		Release|Any CPU = Release|Any CPU
	EndGlobalSection
	GlobalSection(ProjectConfigurationPlatforms) = postSolution
		{57DC0295-0880-4FE4-9154-7CF5D55DDAD5}.Debug|Any CPU.ActiveCfg = Debug|Any CPU
		{57DC0295-0880-4FE4-9154-7CF5D55DDAD5}.Debug|Any CPU.Build.0 = Debug|Any CPU
		{57DC0295-0880-4FE4-9154-7CF5D55DDAD5}.Release|Any CPU.ActiveCfg = Release|Any CPU
		{57DC0295-0880-4FE4-9154-7CF5D55DDAD5}.Release|Any CPU.Build.0 = Release|Any CPU
		{61A9E520-1A89-4989-B3C0-6D340D8BAA20}.Debug|Any CPU.ActiveCfg = Debug|Any CPU
		{61A9E520-1A89-4989-B3C0-6D340D8BAA20}.Debug|Any CPU.Build.0 = Debug|Any CPU
		{61A9E520-1A89-4989-B3C0-6D340D8BAA20}.Release|Any CPU.ActiveCfg = Release|Any CPU
		{61A9E520-1A89-4989-B3C0-6D340D8BAA20}.Release|Any CPU.Build.0 = Release|Any CPU
		{F824420B-6CBD-4B87-BE83-4B419B3D4696}.Debug|Any CPU.ActiveCfg = Debug|Any CPU
		{F824420B-6CBD-4B87-BE83-4B419B3D4696}.Debug|Any CPU.Build.0 = Debug|Any CPU
		{F824420B-6CBD-4B87-BE83-4B419B3D4696}.Release|Any CPU.ActiveCfg = Release|Any CPU
		{F824420B-6CBD-4B87-BE83-4B419B3D4696}.Release|Any CPU.Build.0 = Release|Any CPU
	EndGlobalSection
	GlobalSection(SolutionProperties) = preSolution
		HideSolutionNode = FALSE
	EndGlobalSection
	GlobalSection(ExtensibilityGlobals) = postSolution
		SolutionGuid = {D9DA2831-6B94-4638-9048-84EE85EA8593}
	EndGlobalSection
EndGlobal
